
Microsoft Visual Studio Solution File, Format Version 12.00
# Visual Studio 2013
VisualStudioVersion = 12.0.30110.0
MinimumVisualStudioVersion = 10.0.40219.1
Project("{FAE04EC0-301F-11D3-BF4B-00C04F79EFBC}") = "Labs.Expenses.W.Domain", "Labs.Expenses.W.Domain\Labs.Expenses.W.Domain.csproj", "{E3AE7F30-C597-403B-9675-F4FD5DAF38E1}"
EndProject
Project("{FAE04EC0-301F-11D3-BF4B-00C04F79EFBC}") = "Labs.Expenses.R.Data", "Labs.Expenses.R.Data\Labs.Expenses.R.Data.csproj", "{68414A61-F46B-44D6-8643-B8E633B5A337}"
EndProject
Project("{FAE04EC0-301F-11D3-BF4B-00C04F79EFBC}") = "Labs.Expenses.W.Tests", "Labs.Expenses.W.Tests.Int\Labs.Expenses.W.Tests.csproj", "{1EE07A90-20C0-4A43-BB61-3E1A36E06B96}"
EndProject
Project("{FAE04EC0-301F-11D3-BF4B-00C04F79EFBC}") = "Labs.Expenses.W.Data", "Labs.Expenses.W.Data\Labs.Expenses.W.Data.csproj", "{F1159205-537C-44FA-AE11-586C281CB772}"
EndProject
Project("{2150E333-8FDC-42A3-9474-1A3956D46DE8}") = "Reads", "Reads", "{16A45086-05AB-4483-AAC2-E7EFFBC42D6B}"
EndProject
Project("{2150E333-8FDC-42A3-9474-1A3956D46DE8}") = "Writes", "Writes", "{99D7C9D6-994C-4CF6-8FBA-D3285914042F}"
EndProject
Project("{FAE04EC0-301F-11D3-BF4B-00C04F79EFBC}") = "Labs.Expenses.W.Adapters", "Labs.Expenses.W.Adapters\Labs.Expenses.W.Adapters.csproj", "{BE5BB880-5F07-47EC-B90E-7540F845C2F4}"
EndProject
Project("{FAE04EC0-301F-11D3-BF4B-00C04F79EFBC}") = "Labs.Expenses.R.Domain", "Labs.Expenses.R.Domain\Labs.Expenses.R.Domain.csproj", "{F9F288E1-6187-4CAC-B20C-09C1BC384A0A}"
EndProject
Project("{FAE04EC0-301F-11D3-BF4B-00C04F79EFBC}") = "Labs.Expenses.R.Tests", "Labs.Expenses.R.Tests\Labs.Expenses.R.Tests.csproj", "{9C8E985F-F1C3-48A8-8F94-2AE37A2F8994}"
EndProject
Global
	GlobalSection(SolutionConfigurationPlatforms) = preSolution
		Debug|Any CPU = Debug|Any CPU
		Release|Any CPU = Release|Any CPU
	EndGlobalSection
	GlobalSection(ProjectConfigurationPlatforms) = postSolution
		{E3AE7F30-C597-403B-9675-F4FD5DAF38E1}.Debug|Any CPU.ActiveCfg = Debug|Any CPU
		{E3AE7F30-C597-403B-9675-F4FD5DAF38E1}.Debug|Any CPU.Build.0 = Debug|Any CPU
		{E3AE7F30-C597-403B-9675-F4FD5DAF38E1}.Release|Any CPU.ActiveCfg = Release|Any CPU
		{E3AE7F30-C597-403B-9675-F4FD5DAF38E1}.Release|Any CPU.Build.0 = Release|Any CPU
		{68414A61-F46B-44D6-8643-B8E633B5A337}.Debug|Any CPU.ActiveCfg = Debug|Any CPU
		{68414A61-F46B-44D6-8643-B8E633B5A337}.Debug|Any CPU.Build.0 = Debug|Any CPU
		{68414A61-F46B-44D6-8643-B8E633B5A337}.Release|Any CPU.ActiveCfg = Release|Any CPU
		{68414A61-F46B-44D6-8643-B8E633B5A337}.Release|Any CPU.Build.0 = Release|Any CPU
		{1EE07A90-20C0-4A43-BB61-3E1A36E06B96}.Debug|Any CPU.ActiveCfg = Debug|Any CPU
		{1EE07A90-20C0-4A43-BB61-3E1A36E06B96}.Debug|Any CPU.Build.0 = Debug|Any CPU
		{1EE07A90-20C0-4A43-BB61-3E1A36E06B96}.Release|Any CPU.ActiveCfg = Release|Any CPU
		{1EE07A90-20C0-4A43-BB61-3E1A36E06B96}.Release|Any CPU.Build.0 = Release|Any CPU
		{F1159205-537C-44FA-AE11-586C281CB772}.Debug|Any CPU.ActiveCfg = Debug|Any CPU
		{F1159205-537C-44FA-AE11-586C281CB772}.Debug|Any CPU.Build.0 = Debug|Any CPU
		{F1159205-537C-44FA-AE11-586C281CB772}.Release|Any CPU.ActiveCfg = Release|Any CPU
		{F1159205-537C-44FA-AE11-586C281CB772}.Release|Any CPU.Build.0 = Release|Any CPU
		{BE5BB880-5F07-47EC-B90E-7540F845C2F4}.Debug|Any CPU.ActiveCfg = Debug|Any CPU
		{BE5BB880-5F07-47EC-B90E-7540F845C2F4}.Debug|Any CPU.Build.0 = Debug|Any CPU
		{BE5BB880-5F07-47EC-B90E-7540F845C2F4}.Release|Any CPU.ActiveCfg = Release|Any CPU
		{BE5BB880-5F07-47EC-B90E-7540F845C2F4}.Release|Any CPU.Build.0 = Release|Any CPU
		{F9F288E1-6187-4CAC-B20C-09C1BC384A0A}.Debug|Any CPU.ActiveCfg = Debug|Any CPU
		{F9F288E1-6187-4CAC-B20C-09C1BC384A0A}.Debug|Any CPU.Build.0 = Debug|Any CPU
		{F9F288E1-6187-4CAC-B20C-09C1BC384A0A}.Release|Any CPU.ActiveCfg = Release|Any CPU
		{F9F288E1-6187-4CAC-B20C-09C1BC384A0A}.Release|Any CPU.Build.0 = Release|Any CPU
		{9C8E985F-F1C3-48A8-8F94-2AE37A2F8994}.Debug|Any CPU.ActiveCfg = Debug|Any CPU
		{9C8E985F-F1C3-48A8-8F94-2AE37A2F8994}.Debug|Any CPU.Build.0 = Debug|Any CPU
		{9C8E985F-F1C3-48A8-8F94-2AE37A2F8994}.Release|Any CPU.ActiveCfg = Release|Any CPU
		{9C8E985F-F1C3-48A8-8F94-2AE37A2F8994}.Release|Any CPU.Build.0 = Release|Any CPU
	EndGlobalSection
	GlobalSection(SolutionProperties) = preSolution
		HideSolutionNode = FALSE
	EndGlobalSection
	GlobalSection(NestedProjects) = preSolution
		{1EE07A90-20C0-4A43-BB61-3E1A36E06B96} = {99D7C9D6-994C-4CF6-8FBA-D3285914042F}
		{F1159205-537C-44FA-AE11-586C281CB772} = {99D7C9D6-994C-4CF6-8FBA-D3285914042F}
		{E3AE7F30-C597-403B-9675-F4FD5DAF38E1} = {99D7C9D6-994C-4CF6-8FBA-D3285914042F}
		{BE5BB880-5F07-47EC-B90E-7540F845C2F4} = {99D7C9D6-994C-4CF6-8FBA-D3285914042F}
		{68414A61-F46B-44D6-8643-B8E633B5A337} = {16A45086-05AB-4483-AAC2-E7EFFBC42D6B}
		{F9F288E1-6187-4CAC-B20C-09C1BC384A0A} = {16A45086-05AB-4483-AAC2-E7EFFBC42D6B}
		{9C8E985F-F1C3-48A8-8F94-2AE37A2F8994} = {16A45086-05AB-4483-AAC2-E7EFFBC42D6B}
	EndGlobalSection
EndGlobal
