
Microsoft Visual Studio Solution File, Format Version 12.00
# Visual Studio 2013
VisualStudioVersion = 12.0.21005.1
MinimumVisualStudioVersion = 10.0.40219.1
Project("{FAE04EC0-301F-11D3-BF4B-00C04F79EFBC}") = "Labs.Expenses.Domain", "Labs.Expenses.Domain\Labs.Expenses.Domain.csproj", "{E3AE7F30-C597-403B-9675-F4FD5DAF38E1}"
EndProject
Project("{FAE04EC0-301F-11D3-BF4B-00C04F79EFBC}") = "Labs.Expenses.Data", "Labs.Expenses.Data\Labs.Expenses.Data.csproj", "{68414A61-F46B-44D6-8643-B8E633B5A337}"
EndProject
Global
	GlobalSection(SolutionConfigurationPlatforms) = preSolution
		Debug|Any CPU = Debug|Any CPU
		Release|Any CPU = Release|Any CPU
	EndGlobalSection
	GlobalSection(ProjectConfigurationPlatforms) = postSolution
		{E3AE7F30-C597-403B-9675-F4FD5DAF38E1}.Debug|Any CPU.ActiveCfg = Debug|Any CPU
		{E3AE7F30-C597-403B-9675-F4FD5DAF38E1}.Debug|Any CPU.Build.0 = Debug|Any CPU
		{E3AE7F30-C597-403B-9675-F4FD5DAF38E1}.Release|Any CPU.ActiveCfg = Release|Any CPU
		{E3AE7F30-C597-403B-9675-F4FD5DAF38E1}.Release|Any CPU.Build.0 = Release|Any CPU
		{68414A61-F46B-44D6-8643-B8E633B5A337}.Debug|Any CPU.ActiveCfg = Debug|Any CPU
		{68414A61-F46B-44D6-8643-B8E633B5A337}.Debug|Any CPU.Build.0 = Debug|Any CPU
		{68414A61-F46B-44D6-8643-B8E633B5A337}.Release|Any CPU.ActiveCfg = Release|Any CPU
		{68414A61-F46B-44D6-8643-B8E633B5A337}.Release|Any CPU.Build.0 = Release|Any CPU
	EndGlobalSection
	GlobalSection(SolutionProperties) = preSolution
		HideSolutionNode = FALSE
	EndGlobalSection
EndGlobal
